<?xml version="1.0" encoding="utf-8"?>
<Project ToolsVersion="4.0" xmlns="http://schemas.microsoft.com/developer/msbuild/2003">
  <ItemGroup>
    <Filter Include="App">
      <UniqueIdentifier>{0e8003f3-ee4e-460d-8888-43fd8ed49598}</UniqueIdentifier>
    </Filter>
    <Filter Include="Engine">
      <UniqueIdentifier>{4a4ac941-efbb-4695-aa8a-37627de8d564}</UniqueIdentifier>
    </Filter>
    <Filter Include="Engine\WindowingSystem">
      <UniqueIdentifier>{db5ab402-8d62-4384-ad16-afb0a45b4742}</UniqueIdentifier>
    </Filter>
    <Filter Include="Engine\Graphics">
      <UniqueIdentifier>{fc045c98-93be-4090-bd27-746a67454b88}</UniqueIdentifier>
    </Filter>
  </ItemGroup>
  <ItemGroup>
    <ClCompile Include="main.cpp">
      <Filter>App</Filter>
    </ClCompile>
    <ClCompile Include="AppWindow.cpp">
      <Filter>App</Filter>
    </ClCompile>
    <ClCompile Include="Window.cpp">
      <Filter>Engine\WindowingSystem</Filter>
    </ClCompile>
    <ClCompile Include="DirectXEngine.cpp">
      <Filter>Engine\Graphics</Filter>
    </ClCompile>
    <ClCompile Include="VulkanEngine.cpp">
      <Filter>Engine\Graphics</Filter>
    </ClCompile>
  </ItemGroup>
  <ItemGroup>
    <ClInclude Include="AppWindow.h">
      <Filter>App</Filter>
    </ClInclude>
    <ClInclude Include="Window.h">
      <Filter>Engine\WindowingSystem</Filter>
    </ClInclude>
    <ClInclude Include="VulkanEngine.h">
      <Filter>Engine\Graphics</Filter>
    </ClInclude>
    <ClInclude Include="DirectXEngine.h">
      <Filter>Engine\Graphics</Filter>
    </ClInclude>
  </ItemGroup>
  <ItemGroup>
    <Text Include="CMakeLists.txt" />
  </ItemGroup>
  <ItemGroup>
    <None Include="Build.bat" />
  </ItemGroup>
</Project>